
Microsoft Visual Studio Solution File, Format Version 11.00
# Visual Studio 2010
Project("{FAE04EC0-301F-11D3-BF4B-00C04F79EFBC}") = "Assembly-CSharp", "Assembly-CSharp.csproj", "{CDA00512-11E4-E463-DB80-1261CD2465B8}"
EndProject
Project("{FAE04EC0-301F-11D3-BF4B-00C04F79EFBC}") = "Assembly-CSharp-Editor", "Assembly-CSharp-Editor.csproj", "{24E0AF5B-49D9-85D7-97F8-1C79ED8AE603}"
EndProject
Global
	GlobalSection(SolutionConfigurationPlatforms) = preSolution
		Debug|Any CPU = Debug|Any CPU
		Release|Any CPU = Release|Any CPU
	EndGlobalSection
	GlobalSection(ProjectConfigurationPlatforms) = postSolution
		{CDA00512-11E4-E463-DB80-1261CD2465B8}.Debug|Any CPU.ActiveCfg = Debug|Any CPU
		{CDA00512-11E4-E463-DB80-1261CD2465B8}.Debug|Any CPU.Build.0 = Debug|Any CPU
		{CDA00512-11E4-E463-DB80-1261CD2465B8}.Release|Any CPU.ActiveCfg = Release|Any CPU
		{CDA00512-11E4-E463-DB80-1261CD2465B8}.Release|Any CPU.Build.0 = Release|Any CPU
		{24E0AF5B-49D9-85D7-97F8-1C79ED8AE603}.Debug|Any CPU.ActiveCfg = Debug|Any CPU
		{24E0AF5B-49D9-85D7-97F8-1C79ED8AE603}.Debug|Any CPU.Build.0 = Debug|Any CPU
		{24E0AF5B-49D9-85D7-97F8-1C79ED8AE603}.Release|Any CPU.ActiveCfg = Release|Any CPU
		{24E0AF5B-49D9-85D7-97F8-1C79ED8AE603}.Release|Any CPU.Build.0 = Release|Any CPU
	EndGlobalSection
	GlobalSection(SolutionProperties) = preSolution
		HideSolutionNode = FALSE
	EndGlobalSection
EndGlobal
